
Microsoft Visual Studio Solution File, Format Version 12.00
# Visual Studio Version 16
VisualStudioVersion = 16.0.30804.86
MinimumVisualStudioVersion = 10.0.40219.1
Project("{FAE04EC0-301F-11D3-BF4B-00C04F79EFBC}") = "HastaneOtomasyonProjesi", "HastaneOtomasyonProjesi\HastaneOtomasyonProjesi.csproj", "{F0651890-AED9-4487-94C1-718FA9C82515}"
EndProject
Project("{54435603-DBB4-11D2-8724-00A0C9A8B90C}") = "HastaneOtomasyonSetup", "HastaneOtomasyonSetup\HastaneOtomasyonSetup.vdproj", "{362FA590-CF10-4EC1-9A2E-266E0D7DBC95}"
EndProject
Global
	GlobalSection(SolutionConfigurationPlatforms) = preSolution
		Debug|Any CPU = Debug|Any CPU
		Release|Any CPU = Release|Any CPU
	EndGlobalSection
	GlobalSection(ProjectConfigurationPlatforms) = postSolution
		{F0651890-AED9-4487-94C1-718FA9C82515}.Debug|Any CPU.ActiveCfg = Debug|Any CPU
		{F0651890-AED9-4487-94C1-718FA9C82515}.Debug|Any CPU.Build.0 = Debug|Any CPU
		{F0651890-AED9-4487-94C1-718FA9C82515}.Release|Any CPU.ActiveCfg = Release|Any CPU
		{F0651890-AED9-4487-94C1-718FA9C82515}.Release|Any CPU.Build.0 = Release|Any CPU
		{362FA590-CF10-4EC1-9A2E-266E0D7DBC95}.Debug|Any CPU.ActiveCfg = Debug
		{362FA590-CF10-4EC1-9A2E-266E0D7DBC95}.Release|Any CPU.ActiveCfg = Release
	EndGlobalSection
	GlobalSection(SolutionProperties) = preSolution
		HideSolutionNode = FALSE
	EndGlobalSection
	GlobalSection(ExtensibilityGlobals) = postSolution
		SolutionGuid = {EEF6008A-3BA4-4129-BBF1-7DD116708168}
	EndGlobalSection
EndGlobal
